{
  "nodes": {
    "nixpkgs": {
      "locked": {
        "lastModified": 1626704570,
        "narHash": "sha256-T6T+N2hBXL3TKryWNFF0zs2Aahj+Rl8aIW4/CUOnyDE=",
        "owner": "NixOS",
        "repo": "nixpkgs",
        "rev": "58128d690dce9e88936be24c314b0f66875550a7",
        "type": "github"
      },
      "original": {
        "owner": "NixOS",
        "ref": "nixpkgs-unstable",
        "repo": "nixpkgs",
        "type": "github"
      }
    },
    "root": {
      "inputs": {
        "nixpkgs": "nixpkgs"
      }
    }
  },
  "root": "root",
  "version": 7
}
